
Microsoft Visual Studio Solution File, Format Version 12.00
# Visual Studio Version 17
VisualStudioVersion = 17.8.34316.72
MinimumVisualStudioVersion = 10.0.40219.1
Project("{9A19103F-16F7-4668-BE54-9A1E7A4F7556}") = "CompanyRents", "CompanyRents\CompanyRents.csproj", "{963E1644-D7C6-450F-8531-B5E9A56626BD}"
EndProject
Project("{9A19103F-16F7-4668-BE54-9A1E7A4F7556}") = "Core", "Core\Core.csproj", "{7F26EF46-BFE2-4EFB-AAA6-EEFBC65734E1}"
EndProject
Project("{9A19103F-16F7-4668-BE54-9A1E7A4F7556}") = "Infrastructure", "Infrastructure\Infrastructure.csproj", "{C327936D-8277-4889-96F9-9BE96E807FED}"
EndProject
Project("{FAE04EC0-301F-11D3-BF4B-00C04F79EFBC}") = "Reports", "Reports\Reports.csproj", "{A9E79C82-3665-4435-A157-F7F205D45CD7}"
EndProject
Global
	GlobalSection(SolutionConfigurationPlatforms) = preSolution
		Debug|Any CPU = Debug|Any CPU
		Release|Any CPU = Release|Any CPU
	EndGlobalSection
	GlobalSection(ProjectConfigurationPlatforms) = postSolution
		{963E1644-D7C6-450F-8531-B5E9A56626BD}.Debug|Any CPU.ActiveCfg = Debug|Any CPU
		{963E1644-D7C6-450F-8531-B5E9A56626BD}.Debug|Any CPU.Build.0 = Debug|Any CPU
		{963E1644-D7C6-450F-8531-B5E9A56626BD}.Release|Any CPU.ActiveCfg = Release|Any CPU
		{963E1644-D7C6-450F-8531-B5E9A56626BD}.Release|Any CPU.Build.0 = Release|Any CPU
		{7F26EF46-BFE2-4EFB-AAA6-EEFBC65734E1}.Debug|Any CPU.ActiveCfg = Debug|Any CPU
		{7F26EF46-BFE2-4EFB-AAA6-EEFBC65734E1}.Debug|Any CPU.Build.0 = Debug|Any CPU
		{7F26EF46-BFE2-4EFB-AAA6-EEFBC65734E1}.Release|Any CPU.ActiveCfg = Release|Any CPU
		{7F26EF46-BFE2-4EFB-AAA6-EEFBC65734E1}.Release|Any CPU.Build.0 = Release|Any CPU
		{C327936D-8277-4889-96F9-9BE96E807FED}.Debug|Any CPU.ActiveCfg = Debug|Any CPU
		{C327936D-8277-4889-96F9-9BE96E807FED}.Debug|Any CPU.Build.0 = Debug|Any CPU
		{C327936D-8277-4889-96F9-9BE96E807FED}.Release|Any CPU.ActiveCfg = Release|Any CPU
		{C327936D-8277-4889-96F9-9BE96E807FED}.Release|Any CPU.Build.0 = Release|Any CPU
		{A9E79C82-3665-4435-A157-F7F205D45CD7}.Debug|Any CPU.ActiveCfg = Debug|Any CPU
		{A9E79C82-3665-4435-A157-F7F205D45CD7}.Debug|Any CPU.Build.0 = Debug|Any CPU
		{A9E79C82-3665-4435-A157-F7F205D45CD7}.Release|Any CPU.ActiveCfg = Release|Any CPU
		{A9E79C82-3665-4435-A157-F7F205D45CD7}.Release|Any CPU.Build.0 = Release|Any CPU
	EndGlobalSection
	GlobalSection(SolutionProperties) = preSolution
		HideSolutionNode = FALSE
	EndGlobalSection
	GlobalSection(ExtensibilityGlobals) = postSolution
		SolutionGuid = {48E452B9-C13C-4105-A585-538492E42157}
	EndGlobalSection
EndGlobal
